{
  "name": "website",
  "version": "1.0.0",
  "lockfileVersion": 1,
  "requires": true,
  "dependencies": {
    "bootstrap": {
      "version": "5.3.3",
      "resolved": "https://registry.npmjs.org/bootstrap/-/bootstrap-5.3.3.tgz",
      "integrity": "sha512-8HLCdWgyoMguSO9o+aH+iuZ+aht+mzW0u3HIMzVu7Srrpv7EBBxTnrFlSCskwdY1+EOFQSm7uMJhNQHkdPcmjg=="
    },
    "sweetalert2": {
      "version": "11.14.1",
      "resolved": "https://registry.npmjs.org/sweetalert2/-/sweetalert2-11.14.1.tgz",
      "integrity": "sha512-xadhfcA4STGMh8nC5zHFFWURhRpWc4zyI3GdMDFH/m3hGWZeQQNWhX9xcG4lI9gZYsi/IlazKbwvvje3juL3Xg=="
    }
  }
}
